
Microsoft Visual Studio Solution File, Format Version 12.00
# Visual Studio 2012
Project("{FAE04EC0-301F-11D3-BF4B-00C04F79EFBC}") = "Mike.DistributedLua.Messages", "Mike.DistributedLua.Messages\Mike.DistributedLua.Messages.csproj", "{292FA324-A124-4264-8A2C-50C1D073397E}"
EndProject
Project("{FAE04EC0-301F-11D3-BF4B-00C04F79EFBC}") = "Mike.DistributedLua", "Mike.DistributedLua\Mike.DistributedLua.csproj", "{240F0F22-87C3-4210-86DF-D93BC8B8216F}"
EndProject
Project("{FAE04EC0-301F-11D3-BF4B-00C04F79EFBC}") = "Mike.DistributedLua.OperationServer", "Mike.DistributedLua.OperationServer\Mike.DistributedLua.OperationServer.csproj", "{1045B7FC-BF7D-42E4-B5A9-926A9130D726}"
EndProject
Global
	GlobalSection(SolutionConfigurationPlatforms) = preSolution
		Debug|Any CPU = Debug|Any CPU
		Release|Any CPU = Release|Any CPU
	EndGlobalSection
	GlobalSection(ProjectConfigurationPlatforms) = postSolution
		{292FA324-A124-4264-8A2C-50C1D073397E}.Debug|Any CPU.ActiveCfg = Debug|Any CPU
		{292FA324-A124-4264-8A2C-50C1D073397E}.Debug|Any CPU.Build.0 = Debug|Any CPU
		{292FA324-A124-4264-8A2C-50C1D073397E}.Release|Any CPU.ActiveCfg = Release|Any CPU
		{292FA324-A124-4264-8A2C-50C1D073397E}.Release|Any CPU.Build.0 = Release|Any CPU
		{240F0F22-87C3-4210-86DF-D93BC8B8216F}.Debug|Any CPU.ActiveCfg = Debug|Any CPU
		{240F0F22-87C3-4210-86DF-D93BC8B8216F}.Debug|Any CPU.Build.0 = Debug|Any CPU
		{240F0F22-87C3-4210-86DF-D93BC8B8216F}.Release|Any CPU.ActiveCfg = Release|Any CPU
		{240F0F22-87C3-4210-86DF-D93BC8B8216F}.Release|Any CPU.Build.0 = Release|Any CPU
		{1045B7FC-BF7D-42E4-B5A9-926A9130D726}.Debug|Any CPU.ActiveCfg = Debug|Any CPU
		{1045B7FC-BF7D-42E4-B5A9-926A9130D726}.Debug|Any CPU.Build.0 = Debug|Any CPU
		{1045B7FC-BF7D-42E4-B5A9-926A9130D726}.Release|Any CPU.ActiveCfg = Release|Any CPU
		{1045B7FC-BF7D-42E4-B5A9-926A9130D726}.Release|Any CPU.Build.0 = Release|Any CPU
	EndGlobalSection
	GlobalSection(SolutionProperties) = preSolution
		HideSolutionNode = FALSE
	EndGlobalSection
EndGlobal
